
Microsoft Visual Studio Solution File, Format Version 12.00
Project("{FAE04EC0-301F-11D3-BF4B-00C04F79EFBC}") = "N2.Pow", "N2.Pow\N2.Pow.csproj", "{D3BEE33F-EDB5-4C7A-9D29-C06B559FCD46}"
EndProject
Project("{2150E333-8FDC-42A3-9474-1A3956D46DE8}") = "Solution Items", "Solution Items", "{227E2C1B-F3AB-4C77-A7DF-C5687004C38A}"
	ProjectSection(SolutionItems) = preProject
		LICENSE = LICENSE
		README.md = README.md
	EndProjectSection
EndProject
Project("{FAE04EC0-301F-11D3-BF4B-00C04F79EFBC}") = "N2.Pow.ConsoleTest", "N2.Pow.ConsoleTest\N2.Pow.ConsoleTest.csproj", "{D82C0C9C-B0D4-4314-A7AE-3CF83F6DCD44}"
EndProject
Global
	GlobalSection(SolutionConfigurationPlatforms) = preSolution
		Debug|Any CPU = Debug|Any CPU
		Release|Any CPU = Release|Any CPU
	EndGlobalSection
	GlobalSection(ProjectConfigurationPlatforms) = postSolution
		{D3BEE33F-EDB5-4C7A-9D29-C06B559FCD46}.Debug|Any CPU.ActiveCfg = Debug|Any CPU
		{D3BEE33F-EDB5-4C7A-9D29-C06B559FCD46}.Debug|Any CPU.Build.0 = Debug|Any CPU
		{D3BEE33F-EDB5-4C7A-9D29-C06B559FCD46}.Release|Any CPU.ActiveCfg = Release|Any CPU
		{D3BEE33F-EDB5-4C7A-9D29-C06B559FCD46}.Release|Any CPU.Build.0 = Release|Any CPU
		{D82C0C9C-B0D4-4314-A7AE-3CF83F6DCD44}.Debug|Any CPU.ActiveCfg = Debug|Any CPU
		{D82C0C9C-B0D4-4314-A7AE-3CF83F6DCD44}.Debug|Any CPU.Build.0 = Debug|Any CPU
		{D82C0C9C-B0D4-4314-A7AE-3CF83F6DCD44}.Release|Any CPU.ActiveCfg = Release|Any CPU
		{D82C0C9C-B0D4-4314-A7AE-3CF83F6DCD44}.Release|Any CPU.Build.0 = Release|Any CPU
	EndGlobalSection
EndGlobal
